code.google.com/p/go.crypto #69e2a90ed92d03812364aeb947b7068dc42e561e
code.google.com/p/google-api-go-client #6ddfebb10ece847f1ae09c701834f1b15abbd8b2
code.google.com/p/gosshold #9dd3b6b6e7b3e1b7f30c2b58c5ec5fff6bf9feff
github.com/ActiveState/tail #272d489eea7d84319e02b73eec2bfa88fd243ed0
github.com/going/toolkit #5bff591dc40da25dcc875d3fa1a3373d74d45411
github.com/hashicorp/atlas-go #b66e377f52e316206efe71abba20e276d8790d86
github.com/hashicorp/go-checkpoint #e4b2dc34c0f698ee04750bf2035d8b9384233e1b
github.com/hashicorp/go-cleanhttp #ce617e79981a8fff618bb643d155133a8f38db96
github.com/hashicorp/go-msgpack #fa3f63826f7c23912c15263591e65d54d080b458
github.com/hashicorp/go-version #2b9865f60ce11e527bd1255ba82036d465570aa3
github.com/hashicorp/yamux #df949784da9ed028ee76df44652e42d37a09d7e4
github.com/hpcloud/tail #272d489eea7d84319e02b73eec2bfa88fd243ed0
github.com/kardianos/osext #29ae4ffbc9a6fe9fb2bc5029050ce6996ea1d3bc
github.com/mitchellh/cli #8102d0ed5ea2709ade1243798785888175f6e415
github.com/mitchellh/go-fs #a34c1b9334e86165685a9449b782f20465eb8c69
github.com/mitchellh/go-vnc #723ed9867aed0f3209a81151e52ddc61681f0b01
github.com/mitchellh/goamz #caaaea8b30ee15616494ee68abd5d8ebbbef05cf
github.com/mitchellh/gophercloud-fork-40444fb #40444fbc2b10960682b34e6822eb9179216e1ae1
github.com/mitchellh/iochan #87b45ffd0e9581375c491fef3d32130bb15c5bd7
github.com/mitchellh/mapstructure #281073eb9eb092240d33ef253c404f1cca550309
github.com/mitchellh/multistep #162146fc57112954184d90266f4733e900ed05a5
github.com/mitchellh/osext #5e2d6d41470f99c881826dedd8c526728b783c9c
github.com/mitchellh/packer #v0.7.5
github.com/mitchellh/panicwrap #a1e50bc201f387747a45ffff020f1af2d8759e88
github.com/mitchellh/prefixedio #6e6954073784f7ee67b28f2d22749d6479151ed7
github.com/racker/perigee #44a7879d89b7040bcdb51164a83292ef5bf9deec
github.com/rackspace/gophercloud #v0.1.0
github.com/vaughan0/go-ini #a98ad7ee00ec53921f08832bc06ecf7fd600e6a1
golang.org/x/crypto #f18420efc3b4f8e9f3d51f6bd2476e92c46260e9
golang.org/x/net #5d0a0f8cd486626821d2ba44d471ab1c9271d38f
golang.org/x/oauth2 #2baa8a1b9338cf13d9eeb27696d761155fa480be
google.golang.org/cloud #6fdcab499d2c45e2939521c4047855f12a745a1d
gopkg.in/fsnotify.v1 #508915b7500b6e42a87132e4afeb4729cebc7cbb
gopkg.in/tomb.v1 #dd632973f1e7218eb1089048e0798ec9ae7dceb8
