code.google.com/p/go.crypto #69e2a90ed92d03812364aeb947b7068dc42e561e
code.google.com/p/google-api-go-client #6ddfebb10ece847f1ae09c701834f1b15abbd8b2
code.google.com/p/gosshold #9dd3b6b6e7b3e1b7f30c2b58c5ec5fff6bf9feff
github.com/ActiveState/tail #068b72961a6bc5b4a82cf4fc14ccc724c0cfa73a
github.com/going/toolkit #5bff591dc40da25dcc875d3fa1a3373d74d45411
github.com/hashicorp/atlas-go #1b403631cd2d44764a68a9549874213cf95b285e
github.com/hashicorp/go-checkpoint #88326f6851319068e7b34981032128c0b1a6524d
github.com/hashicorp/go-msgpack #fa3f63826f7c23912c15263591e65d54d080b458
github.com/hashicorp/go-version #999359b6b7a041ce16e695d51e92145b83f01087
github.com/hashicorp/yamux #b2e55852ddaf823a85c67f798080eb7d08acd71d
github.com/howeyc/fsnotify #4894fe7efedeeef21891033e1cce3b23b9af7ad2
github.com/mitchellh/cli #76e2780bc4f71797e1ce037ac0b43b7c99b31749
github.com/mitchellh/go-fs #a34c1b9334e86165685a9449b782f20465eb8c69
github.com/mitchellh/go-vnc #03f3462e6e86a197451e1a13dc8eee68c970db57
github.com/mitchellh/goamz #caaaea8b30ee15616494ee68abd5d8ebbbef05cf
github.com/mitchellh/gophercloud-fork-40444fb #40444fbc2b10960682b34e6822eb9179216e1ae1
github.com/mitchellh/iochan #87b45ffd0e9581375c491fef3d32130bb15c5bd7
github.com/mitchellh/mapstructure #2caf8efc93669b6c43e0441cdc6aed17546c96f3
github.com/mitchellh/multistep #162146fc57112954184d90266f4733e900ed05a5
github.com/mitchellh/osext #0dd3f918b21bec95ace9dc86c7e70266cfc5c702
github.com/mitchellh/packer #v0.7.5
github.com/mitchellh/panicwrap #45cbfd3bae250c7676c077fb275be1a2968e066a
github.com/mitchellh/prefixedio #89d9b535996bf0a185f85b59578f2e245f9e1724
github.com/racker/perigee #44a7879d89b7040bcdb51164a83292ef5bf9deec
github.com/rackspace/gophercloud #v0.1.0
github.com/vaughan0/go-ini #a98ad7ee00ec53921f08832bc06ecf7fd600e6a1
golang.org/x/crypto #1e856cbfdf9bc25eefca75f83f25d55e35ae72e0
golang.org/x/net #3cffabab72adf04f8e3b01c5baf775361837b5fe
golang.org/x/oauth2 #b5adcc2dcdf009d0391547edc6ecbaff889f5bb9
google.golang.org/cloud #a83e10ff0ef07ab3dfe24c952d9544279514dec2
gopkg.in/tomb.v1 #dd632973f1e7218eb1089048e0798ec9ae7dceb8
