code.google.com/p/go.crypto #69e2a90ed92d03812364aeb947b7068dc42e561e
code.google.com/p/google-api-go-client #6ddfebb10ece847f1ae09c701834f1b15abbd8b2
code.google.com/p/gosshold #9dd3b6b6e7b3e1b7f30c2b58c5ec5fff6bf9feff
github.com/ActiveState/tail #157f8ef18fab1ee5be7ce010f1796e75cde8b24d
github.com/going/toolkit #5bff591dc40da25dcc875d3fa1a3373d74d45411
github.com/hashicorp/atlas-go #6c9afe8bb88099b424db07dea18f434371de8199
github.com/hashicorp/go-checkpoint #e4b2dc34c0f698ee04750bf2035d8b9384233e1b
github.com/hashicorp/go-cleanhttp #5df5ddc69534f1a4697289f1dca2193fbb40213f
github.com/hashicorp/go-msgpack #fa3f63826f7c23912c15263591e65d54d080b458
github.com/hashicorp/go-version #2b9865f60ce11e527bd1255ba82036d465570aa3
github.com/hashicorp/yamux #ddcd0a6ec7c55e29f235e27935bf98d302281bd3
github.com/hpcloud/tail #157f8ef18fab1ee5be7ce010f1796e75cde8b24d
github.com/kardianos/osext #345163ffe35aa66560a4cd7dddf00f3ae21c9fda
github.com/mitchellh/cli #8102d0ed5ea2709ade1243798785888175f6e415
github.com/mitchellh/go-fs #a34c1b9334e86165685a9449b782f20465eb8c69
github.com/mitchellh/go-vnc #723ed9867aed0f3209a81151e52ddc61681f0b01
github.com/mitchellh/goamz #caaaea8b30ee15616494ee68abd5d8ebbbef05cf
github.com/mitchellh/gophercloud-fork-40444fb #40444fbc2b10960682b34e6822eb9179216e1ae1
github.com/mitchellh/iochan #87b45ffd0e9581375c491fef3d32130bb15c5bd7
github.com/mitchellh/mapstructure #281073eb9eb092240d33ef253c404f1cca550309
github.com/mitchellh/multistep #162146fc57112954184d90266f4733e900ed05a5
github.com/mitchellh/osext #5e2d6d41470f99c881826dedd8c526728b783c9c
github.com/mitchellh/packer #v0.7.5
github.com/mitchellh/panicwrap #89dc8accc8fec9dfa9b8e1ffdd6793265253de16
github.com/mitchellh/prefixedio #89d9b535996bf0a185f85b59578f2e245f9e1724
github.com/racker/perigee #44a7879d89b7040bcdb51164a83292ef5bf9deec
github.com/rackspace/gophercloud #v0.1.0
github.com/vaughan0/go-ini #a98ad7ee00ec53921f08832bc06ecf7fd600e6a1
golang.org/x/crypto #346896d57731cb5670b36c6178fc5519f3225980
golang.org/x/net #1d9fd3b8333e891c0e7353e1adcfe8a612573033
golang.org/x/oauth2 #442624c9ec9243441e83b374a9e22ac549b5c51d
google.golang.org/cloud #06f31442d0365efc35cbede4929899c361066cde
gopkg.in/fsnotify.v1 #2cdd39bd6129c6a49c74fb07fb9d77ba1271c572
gopkg.in/tomb.v1 #dd632973f1e7218eb1089048e0798ec9ae7dceb8
